
Microsoft Visual Studio Solution File, Format Version 12.00
# Visual Studio Version 17
VisualStudioVersion = 17.4.33213.308
MinimumVisualStudioVersion = 10.0.40219.1
Project("{FAE04EC0-301F-11D3-BF4B-00C04F79EFBC}") = "BankAccount", "BankAccount\BankAccount.csproj", "{EFC61EC2-6F75-43F6-A590-5E9CE4C5F103}"
EndProject
Global
	GlobalSection(SolutionConfigurationPlatforms) = preSolution
		Debug|Any CPU = Debug|Any CPU
		Release|Any CPU = Release|Any CPU
	EndGlobalSection
	GlobalSection(ProjectConfigurationPlatforms) = postSolution
		{EFC61EC2-6F75-43F6-A590-5E9CE4C5F103}.Debug|Any CPU.ActiveCfg = Debug|Any CPU
		{EFC61EC2-6F75-43F6-A590-5E9CE4C5F103}.Debug|Any CPU.Build.0 = Debug|Any CPU
		{EFC61EC2-6F75-43F6-A590-5E9CE4C5F103}.Release|Any CPU.ActiveCfg = Release|Any CPU
		{EFC61EC2-6F75-43F6-A590-5E9CE4C5F103}.Release|Any CPU.Build.0 = Release|Any CPU
	EndGlobalSection
	GlobalSection(SolutionProperties) = preSolution
		HideSolutionNode = FALSE
	EndGlobalSection
	GlobalSection(ExtensibilityGlobals) = postSolution
		SolutionGuid = {5AFD2EB2-CB95-4B5E-9F82-B4432DB63B18}
	EndGlobalSection
EndGlobal
